{
  "nodes": {
    "dev-env": {
      "inputs": {
        "nixpkgs": "nixpkgs"
      },
      "locked": {
        "lastModified": 1,
        "narHash": "sha256-rsTkHpeplQ9H6PzHankxWH2TJ4gKeqB2wNUBKOSAghI=",
        "path": "../../lib/dev-env",
        "type": "path"
      },
      "original": {
        "path": "../../lib/dev-env",
        "type": "path"
      }
    },
    "nixpkgs": {
      "locked": {
        "lastModified": 1766309749,
        "narHash": "sha256-3xY8CZ4rSnQ0NqGhMKAy5vgC+2IVK0NoVEzDoOh4DA4=",
        "owner": "NixOS",
        "repo": "nixpkgs",
        "rev": "a6531044f6d0bef691ea18d4d4ce44d0daa6e816",
        "type": "github"
      },
      "original": {
        "owner": "NixOS",
        "ref": "nixos-unstable",
        "repo": "nixpkgs",
        "type": "github"
      }
    },
    "root": {
      "inputs": {
        "dev-env": "dev-env"
      }
    }
  },
  "root": "root",
  "version": 7
}
