{
  "nodes": {
    "brew-api": {
      "flake": false,
      "locked": {
        "lastModified": 1782803858,
        "narHash": "sha256-XhBxDzHhGJ5Q7OpvCAuZw6XdyT0Wtx+5VAFOqJdfjhw=",
        "owner": "BatteredBunny",
        "repo": "brew-api",
        "rev": "39e4a1f82ee717b0507d0fc43b0efaf5c52f4dfe",
        "type": "github"
      },
      "original": {
        "owner": "BatteredBunny",
        "repo": "brew-api",
        "type": "github"
      }
    },
    "brew-nix": {
      "inputs": {
        "brew-api": [
          "home",
          "brew-api"
        ],
        "nix-darwin": "nix-darwin",
        "nixpkgs": [
          "home",
          "nixpkgs"
        ]
      },
      "locked": {
        "lastModified": 1781801538,
        "narHash": "sha256-6zUToQ0ydSgpgrMk3GEEVOpWgn9SwVlrP+7tFb9gpOU=",
        "owner": "BatteredBunny",
        "repo": "brew-nix",
        "rev": "7614a09c5a86ef717c7cbcd3f4fffeacfb66b30b",
        "type": "github"
      },
      "original": {
        "owner": "BatteredBunny",
        "repo": "brew-nix",
        "type": "github"
      }
    },
    "bun2nix": {
      "inputs": {
        "flake-parts": "flake-parts",
        "nixpkgs": [
          "home",
          "pi-nix",
          "nixpkgs"
        ],
        "systems": [
          "home",
          "pi-nix",
          "systems"
        ],
        "treefmt-nix": "treefmt-nix"
      },
      "locked": {
        "lastModified": 1778446047,
        "narHash": "sha256-oQvcadh2BCkrog+SGrG6YffKJrveYpjj3TdQJWaKhaM=",
        "owner": "nix-community",
        "repo": "bun2nix",
        "rev": "f2bc12af1a6369648aac41041ceeaa0b866599c6",
        "type": "github"
      },
      "original": {
        "owner": "nix-community",
        "ref": "2.1.0",
        "repo": "bun2nix",
        "type": "github"
      }
    },
    "catppuccin": {
      "inputs": {
        "nixpkgs": [
          "home",
          "nixpkgs"
        ]
      },
      "locked": {
        "lastModified": 1782648384,
        "narHash": "sha256-OlHdAqdXasZk1U+Zf9n+ivqHL9kj/UD0DFO4yYTNBYc=",
        "owner": "catppuccin",
        "repo": "nix",
        "rev": "f2c7dd14ecce785c206a39466cbe227ff62e3803",
        "type": "github"
      },
      "original": {
        "owner": "catppuccin",
        "repo": "nix",
        "type": "github"
      }
    },
    "devenv": {
      "locked": {
        "dir": "src/modules",
        "lastModified": 1782751734,
        "narHash": "sha256-shLdS1fYdEQvbp+XzzSDq/pBxKoniU+cqXvDFgmEE70=",
        "owner": "cachix",
        "repo": "devenv",
        "rev": "26c8d030f9398fb8531a2b19f6b3aaa8b3589b47",
        "type": "github"
      },
      "original": {
        "dir": "src/modules",
        "owner": "cachix",
        "repo": "devenv",
        "type": "github"
      }
    },
    "flake-compat": {
      "flake": false,
      "locked": {
        "lastModified": 1767039857,
        "narHash": "sha256-vNpUSpF5Nuw8xvDLj2KCwwksIbjua2LZCqhV1LNRDns=",
        "owner": "NixOS",
        "repo": "flake-compat",
        "rev": "5edf11c44bc78a0d334f6334cdaf7d60d732daab",
        "type": "github"
      },
      "original": {
        "owner": "NixOS",
        "repo": "flake-compat",
        "type": "github"
      }
    },
    "flake-parts": {
      "inputs": {
        "nixpkgs-lib": [
          "home",
          "pi-nix",
          "bun2nix",
          "nixpkgs"
        ]
      },
      "locked": {
        "lastModified": 1777988971,
        "narHash": "sha256-qIoWPDs+0/8JecyYgE3gpKQxW/4bLW/gp45vow9ioCQ=",
        "owner": "hercules-ci",
        "repo": "flake-parts",
        "rev": "0678d8986be1661af6bb555f3489f2fdfc31f6ff",
        "type": "github"
      },
      "original": {
        "owner": "hercules-ci",
        "repo": "flake-parts",
        "type": "github"
      }
    },
    "flake-utils": {
      "inputs": {
        "systems": "systems"
      },
      "locked": {
        "lastModified": 1731533236,
        "narHash": "sha256-l0KFg5HjrsfsO/JpG+r7fRrqm12kzFHyUHqHCVpMMbI=",
        "owner": "numtide",
        "repo": "flake-utils",
        "rev": "11707dc2f618dd54ca8739b309ec4fc024de578b",
        "type": "github"
      },
      "original": {
        "owner": "numtide",
        "repo": "flake-utils",
        "type": "github"
      }
    },
    "git-hooks": {
      "inputs": {
        "flake-compat": "flake-compat",
        "gitignore": "gitignore",
        "nixpkgs": [
          "nixpkgs"
        ]
      },
      "locked": {
        "lastModified": 1781733627,
        "narHash": "sha256-U3yTuGBnmXvXoQI3qkpfEDsn9RovQPAjN7ndRco+3u0=",
        "owner": "cachix",
        "repo": "git-hooks.nix",
        "rev": "3bbec39bc90eadfa031e6f3b77272f3f60803e39",
        "type": "github"
      },
      "original": {
        "owner": "cachix",
        "repo": "git-hooks.nix",
        "type": "github"
      }
    },
    "gitignore": {
      "inputs": {
        "nixpkgs": [
          "git-hooks",
          "nixpkgs"
        ]
      },
      "locked": {
        "lastModified": 1709087332,
        "narHash": "sha256-HG2cCnktfHsKV0s4XW83gU3F57gaTljL9KNSuG6bnQs=",
        "owner": "hercules-ci",
        "repo": "gitignore.nix",
        "rev": "637db329424fd7e46cf4185293b9cc8c88c95394",
        "type": "github"
      },
      "original": {
        "owner": "hercules-ci",
        "repo": "gitignore.nix",
        "type": "github"
      }
    },
    "google-workspace-cli": {
      "inputs": {
        "flake-utils": "flake-utils",
        "nixpkgs": [
          "home",
          "nixpkgs"
        ]
      },
      "locked": {
        "lastModified": 1774983075,
        "narHash": "sha256-YyNIHbyZrLlXYtWxZY8Um19MsnLharmS+nWGWO89fsA=",
        "owner": "googleworkspace",
        "repo": "cli",
        "rev": "a3768d0e82ad83cca2da97724e46bea4ff0e6dbd",
        "type": "github"
      },
      "original": {
        "owner": "googleworkspace",
        "repo": "cli",
        "type": "github"
      }
    },
    "home": {
      "inputs": {
        "brew-api": "brew-api",
        "brew-nix": "brew-nix",
        "catppuccin": "catppuccin",
        "google-workspace-cli": "google-workspace-cli",
        "home-manager": "home-manager",
        "kanttiinit-cli": "kanttiinit-cli",
        "nixpkgs": "nixpkgs",
        "nixpkgs-mise-fixed": "nixpkgs-mise-fixed",
        "pi-catppuccin": "pi-catppuccin",
        "pi-nix": "pi-nix"
      },
      "locked": {
        "path": "home",
        "type": "path"
      },
      "original": {
        "path": "home",
        "type": "path"
      },
      "parent": []
    },
    "home-manager": {
      "inputs": {
        "nixpkgs": [
          "home",
          "nixpkgs"
        ]
      },
      "locked": {
        "lastModified": 1782749631,
        "narHash": "sha256-slFTUgDy0KTPA4LBAmC/9SngDq8GCPdX+ZR0yQHHN1E=",
        "owner": "nix-community",
        "repo": "home-manager",
        "rev": "5d72a29fc36ac21adae6ae35568fe5ee6700850f",
        "type": "github"
      },
      "original": {
        "owner": "nix-community",
        "repo": "home-manager",
        "type": "github"
      }
    },
    "kanttiinit-cli": {
      "inputs": {
        "nixpkgs": [
          "home",
          "nixpkgs"
        ]
      },
      "locked": {
        "lastModified": 1782463225,
        "narHash": "sha256-Bwy/St3Pdnz5ZnJkxosC/LRVXWaScFWjjEUtvayq6rU=",
        "owner": "otahontas",
        "repo": "kanttiinit-cli",
        "rev": "4bf4d1c6e3d065f7c268841ed39c6de697554356",
        "type": "github"
      },
      "original": {
        "owner": "otahontas",
        "repo": "kanttiinit-cli",
        "type": "github"
      }
    },
    "nix-darwin": {
      "inputs": {
        "nixpkgs": [
          "home",
          "brew-nix",
          "nixpkgs"
        ]
      },
      "locked": {
        "lastModified": 1781761792,
        "narHash": "sha256-rCPytmKNjctLloB6UgK5CRrHSwV4b0ygxtJLPPp8R14=",
        "owner": "nix-darwin",
        "repo": "nix-darwin",
        "rev": "a1fa429e945becaf60468600daf649be4ba0350c",
        "type": "github"
      },
      "original": {
        "owner": "nix-darwin",
        "repo": "nix-darwin",
        "type": "github"
      }
    },
    "nixpkgs": {
      "locked": {
        "lastModified": 1782731455,
        "narHash": "sha256-weCjCyph1saaHwUdjTk6AAFn/w2riVwOimn/qZMFxKY=",
        "owner": "NixOS",
        "repo": "nixpkgs",
        "rev": "9c4c05a947a91dc14625265fab505fb695e93218",
        "type": "github"
      },
      "original": {
        "owner": "NixOS",
        "ref": "nixpkgs-unstable",
        "repo": "nixpkgs",
        "type": "github"
      }
    },
    "nixpkgs-mise-fixed": {
      "locked": {
        "lastModified": 1782768440,
        "narHash": "sha256-ETjRnnvcOllA+0TeX3uwcZABfniXkKYfnGcnltkT/y4=",
        "owner": "NixOS",
        "repo": "nixpkgs",
        "rev": "36b689324a65f495c6e01a44905457f7ca74e676",
        "type": "github"
      },
      "original": {
        "owner": "NixOS",
        "repo": "nixpkgs",
        "rev": "36b689324a65f495c6e01a44905457f7ca74e676",
        "type": "github"
      }
    },
    "nixpkgs_2": {
      "locked": {
        "lastModified": 1782731455,
        "narHash": "sha256-weCjCyph1saaHwUdjTk6AAFn/w2riVwOimn/qZMFxKY=",
        "owner": "NixOS",
        "repo": "nixpkgs",
        "rev": "9c4c05a947a91dc14625265fab505fb695e93218",
        "type": "github"
      },
      "original": {
        "owner": "NixOS",
        "ref": "nixpkgs-unstable",
        "repo": "nixpkgs",
        "type": "github"
      }
    },
    "nixpkgs_3": {
      "locked": {
        "lastModified": 1782636521,
        "narHash": "sha256-OG8laCOGtkxlB1JH3XqOnXxnkGJme4mQdXo5hkhCQIY=",
        "owner": "NixOS",
        "repo": "nixpkgs",
        "rev": "e1c1b84752fb0897897380a3cae9dc7fcab91ca3",
        "type": "github"
      },
      "original": {
        "owner": "NixOS",
        "ref": "nixpkgs-unstable",
        "repo": "nixpkgs",
        "type": "github"
      }
    },
    "otahontas-nixpkgs": {
      "inputs": {
        "nixpkgs": "nixpkgs_3"
      },
      "locked": {
        "lastModified": 1782798318,
        "narHash": "sha256-MO77ReOC04iMtun8zHdy5kjdzXLqINPJL/muqV3Soqs=",
        "owner": "otahontas",
        "repo": "nixpkgs",
        "rev": "1c8cad21c0ca212241480cfb3918aea8c322ada3",
        "type": "github"
      },
      "original": {
        "owner": "otahontas",
        "repo": "nixpkgs",
        "type": "github"
      }
    },
    "pi-catppuccin": {
      "inputs": {
        "nixpkgs": [
          "home",
          "nixpkgs"
        ]
      },
      "locked": {
        "lastModified": 1782296443,
        "narHash": "sha256-vGLVjYeLeySjNFD6yfpog9Z8YEe5amg8ZngEPBRGs00=",
        "owner": "otahontas",
        "repo": "pi-coding-agent-catppuccin",
        "rev": "9a716a630c911a4d29d9520a8d5f87e3b8867f93",
        "type": "github"
      },
      "original": {
        "owner": "otahontas",
        "repo": "pi-coding-agent-catppuccin",
        "type": "github"
      }
    },
    "pi-nix": {
      "inputs": {
        "bun2nix": "bun2nix",
        "nixpkgs": [
          "home",
          "nixpkgs"
        ],
        "systems": "systems_2"
      },
      "locked": {
        "lastModified": 1782724139,
        "narHash": "sha256-Dn7GnkFBiQ5h4S0wthikh68QK4LfipDhE7ODIUAyVcE=",
        "owner": "lukasl-dev",
        "repo": "pi.nix",
        "rev": "8e64e43042900a764adbe22943fc2f798c71ef0b",
        "type": "github"
      },
      "original": {
        "owner": "lukasl-dev",
        "repo": "pi.nix",
        "type": "github"
      }
    },
    "root": {
      "inputs": {
        "devenv": "devenv",
        "git-hooks": "git-hooks",
        "home": "home",
        "nixpkgs": "nixpkgs_2",
        "otahontas-nixpkgs": "otahontas-nixpkgs",
        "pi-nix": [
          "home",
          "pi-nix"
        ],
        "treefmt-nix": "treefmt-nix_2"
      }
    },
    "systems": {
      "locked": {
        "lastModified": 1681028828,
        "narHash": "sha256-Vy1rq5AaRuLzOxct8nz4T6wlgyUR7zLU309k9mBC768=",
        "owner": "nix-systems",
        "repo": "default",
        "rev": "da67096a3b9bf56a91d16901293e51ba5b49a27e",
        "type": "github"
      },
      "original": {
        "owner": "nix-systems",
        "repo": "default",
        "type": "github"
      }
    },
    "systems_2": {
      "locked": {
        "lastModified": 1681028828,
        "narHash": "sha256-Vy1rq5AaRuLzOxct8nz4T6wlgyUR7zLU309k9mBC768=",
        "owner": "nix-systems",
        "repo": "default",
        "rev": "da67096a3b9bf56a91d16901293e51ba5b49a27e",
        "type": "github"
      },
      "original": {
        "owner": "nix-systems",
        "repo": "default",
        "type": "github"
      }
    },
    "treefmt-nix": {
      "inputs": {
        "nixpkgs": [
          "home",
          "pi-nix",
          "bun2nix",
          "nixpkgs"
        ]
      },
      "locked": {
        "lastModified": 1775636079,
        "narHash": "sha256-pc20NRoMdiar8oPQceQT47UUZMBTiMdUuWrYu2obUP0=",
        "owner": "numtide",
        "repo": "treefmt-nix",
        "rev": "790751ff7fd3801feeaf96d7dc416a8d581265ba",
        "type": "github"
      },
      "original": {
        "owner": "numtide",
        "repo": "treefmt-nix",
        "type": "github"
      }
    },
    "treefmt-nix_2": {
      "inputs": {
        "nixpkgs": [
          "nixpkgs"
        ]
      },
      "locked": {
        "lastModified": 1780220602,
        "narHash": "sha256-eynAfOmbmxJnkp7YewvCEbShNnnYJ9gLLqkzsYtBPeM=",
        "owner": "numtide",
        "repo": "treefmt-nix",
        "rev": "db947814a175b7ca6ded66e21383d938df01c227",
        "type": "github"
      },
      "original": {
        "owner": "numtide",
        "repo": "treefmt-nix",
        "type": "github"
      }
    }
  },
  "root": "root",
  "version": 7
}