{
  "nodes": {
    "catppuccin": {
      "inputs": {
        "nixpkgs": "nixpkgs"
      },
      "locked": {
        "lastModified": 1764325801,
        "narHash": "sha256-LQ7tsrXs1wuB6KBwUctL3JlUsG/FWI2pCI6NkoO52dk=",
        "owner": "catppuccin",
        "repo": "nix",
        "rev": "a696fed6b9b6aa89ef495842cdca3fc2a7cef0de",
        "type": "github"
      },
      "original": {
        "owner": "catppuccin",
        "repo": "nix",
        "type": "github"
      }
    },
    "flake-parts": {
      "inputs": {
        "nixpkgs-lib": [
          "neovim-nightly-overlay",
          "nixpkgs"
        ]
      },
      "locked": {
        "lastModified": 1763759067,
        "narHash": "sha256-LlLt2Jo/gMNYAwOgdRQBrsRoOz7BPRkzvNaI/fzXi2Q=",
        "owner": "hercules-ci",
        "repo": "flake-parts",
        "rev": "2cccadc7357c0ba201788ae99c4dfa90728ef5e0",
        "type": "github"
      },
      "original": {
        "owner": "hercules-ci",
        "repo": "flake-parts",
        "type": "github"
      }
    },
    "flake-utils": {
      "inputs": {
        "systems": "systems"
      },
      "locked": {
        "lastModified": 1731533236,
        "narHash": "sha256-l0KFg5HjrsfsO/JpG+r7fRrqm12kzFHyUHqHCVpMMbI=",
        "owner": "numtide",
        "repo": "flake-utils",
        "rev": "11707dc2f618dd54ca8739b309ec4fc024de578b",
        "type": "github"
      },
      "original": {
        "owner": "numtide",
        "repo": "flake-utils",
        "type": "github"
      }
    },
    "home-manager": {
      "inputs": {
        "nixpkgs": [
          "nixpkgs"
        ]
      },
      "locked": {
        "lastModified": 1764636297,
        "narHash": "sha256-S41K55kw+hWgDfgKmZ9/fMZ3F0BQDMvqFfE120fMHeE=",
        "owner": "nix-community",
        "repo": "home-manager",
        "rev": "ff067cfc619fdf6f82d50344e7d19ff2323f0827",
        "type": "github"
      },
      "original": {
        "owner": "nix-community",
        "repo": "home-manager",
        "type": "github"
      }
    },
    "neovim-nightly-overlay": {
      "inputs": {
        "flake-parts": "flake-parts",
        "neovim-src": "neovim-src",
        "nixpkgs": "nixpkgs_2"
      },
      "locked": {
        "lastModified": 1764633920,
        "narHash": "sha256-kGypzQxhJAwnfTNIfHRDTFO2PYbspU+OBfQBD6ncZU4=",
        "owner": "nix-community",
        "repo": "neovim-nightly-overlay",
        "rev": "1da4af182bc9cede73ec72a7e14c69ca5087faeb",
        "type": "github"
      },
      "original": {
        "owner": "nix-community",
        "repo": "neovim-nightly-overlay",
        "type": "github"
      }
    },
    "neovim-src": {
      "flake": false,
      "locked": {
        "lastModified": 1764626050,
        "narHash": "sha256-Ils7KcQgF3Pdv9LUp7NTkDlmI16uH060RTlTo+zClcg=",
        "owner": "neovim",
        "repo": "neovim",
        "rev": "b058a801e7515dd09154f60d7de0219f92635fb8",
        "type": "github"
      },
      "original": {
        "owner": "neovim",
        "repo": "neovim",
        "type": "github"
      }
    },
    "nix-darwin": {
      "inputs": {
        "nixpkgs": [
          "nixpkgs"
        ]
      },
      "locked": {
        "lastModified": 1764161084,
        "narHash": "sha256-HN84sByg9FhJnojkGGDSrcjcbeioFWoNXfuyYfJ1kBE=",
        "owner": "nix-darwin",
        "repo": "nix-darwin",
        "rev": "e95de00a471d07435e0527ff4db092c84998698e",
        "type": "github"
      },
      "original": {
        "owner": "nix-darwin",
        "ref": "master",
        "repo": "nix-darwin",
        "type": "github"
      }
    },
    "nixpkgs": {
      "locked": {
        "lastModified": 1763966396,
        "narHash": "sha256-6eeL1YPcY1MV3DDStIDIdy/zZCDKgHdkCmsrLJFiZf0=",
        "owner": "NixOS",
        "repo": "nixpkgs",
        "rev": "5ae3b07d8d6527c42f17c876e404993199144b6a",
        "type": "github"
      },
      "original": {
        "owner": "NixOS",
        "ref": "nixos-unstable",
        "repo": "nixpkgs",
        "type": "github"
      }
    },
    "nixpkgs_2": {
      "locked": {
        "lastModified": 1764587062,
        "narHash": "sha256-hdFa0TAVQAQLDF31cEW3enWmBP+b592OvHs6WVe3D8k=",
        "owner": "NixOS",
        "repo": "nixpkgs",
        "rev": "c1cb7d097cb250f6e1904aacd5f2ba5ffd8a49ce",
        "type": "github"
      },
      "original": {
        "owner": "NixOS",
        "ref": "nixpkgs-unstable",
        "repo": "nixpkgs",
        "type": "github"
      }
    },
    "nixpkgs_3": {
      "locked": {
        "lastModified": 1764642553,
        "narHash": "sha256-mvbFFzVBhVK1FjyPHZGMAKpNiqkr7k++xIwy+p/NQvA=",
        "owner": "NixOS",
        "repo": "nixpkgs",
        "rev": "f720de59066162ee879adcc8c79e15c51fe6bfb4",
        "type": "github"
      },
      "original": {
        "owner": "NixOS",
        "ref": "nixpkgs-unstable",
        "repo": "nixpkgs",
        "type": "github"
      }
    },
    "nixpkgs_4": {
      "locked": {
        "lastModified": 1763835633,
        "narHash": "sha256-HzxeGVID5MChuCPESuC0dlQL1/scDKu+MmzoVBJxulM=",
        "owner": "NixOS",
        "repo": "nixpkgs",
        "rev": "050e09e091117c3d7328c7b2b7b577492c43c134",
        "type": "github"
      },
      "original": {
        "owner": "NixOS",
        "ref": "nixos-unstable",
        "repo": "nixpkgs",
        "type": "github"
      }
    },
    "nixpkgs_5": {
      "locked": {
        "lastModified": 1763618868,
        "narHash": "sha256-v5afmLjn/uyD9EQuPBn7nZuaZVV9r+JerayK/4wvdWA=",
        "owner": "NixOS",
        "repo": "nixpkgs",
        "rev": "a8d610af3f1a5fb71e23e08434d8d61a466fc942",
        "type": "github"
      },
      "original": {
        "owner": "NixOS",
        "ref": "nixpkgs-unstable",
        "repo": "nixpkgs",
        "type": "github"
      }
    },
    "root": {
      "inputs": {
        "catppuccin": "catppuccin",
        "home-manager": "home-manager",
        "neovim-nightly-overlay": "neovim-nightly-overlay",
        "nix-darwin": "nix-darwin",
        "nixpkgs": "nixpkgs_3",
        "safe-chain-nix": "safe-chain-nix",
        "topiary-nushell": "topiary-nushell",
        "yazi-relative-motions": "yazi-relative-motions"
      }
    },
    "safe-chain-nix": {
      "inputs": {
        "flake-utils": "flake-utils",
        "nixpkgs": "nixpkgs_4"
      },
      "locked": {
        "lastModified": 1764107305,
        "narHash": "sha256-WvQKJS+eizwFPJeTom9B2H2OVt/cneStYNvnTkXADL8=",
        "owner": "LucioFranco",
        "repo": "safe-chain-nix",
        "rev": "c931beaa029241bf9010d76d68e47c20f4d3bcf9",
        "type": "github"
      },
      "original": {
        "owner": "LucioFranco",
        "repo": "safe-chain-nix",
        "type": "github"
      }
    },
    "systems": {
      "locked": {
        "lastModified": 1681028828,
        "narHash": "sha256-Vy1rq5AaRuLzOxct8nz4T6wlgyUR7zLU309k9mBC768=",
        "owner": "nix-systems",
        "repo": "default",
        "rev": "da67096a3b9bf56a91d16901293e51ba5b49a27e",
        "type": "github"
      },
      "original": {
        "owner": "nix-systems",
        "repo": "default",
        "type": "github"
      }
    },
    "topiary-nushell": {
      "inputs": {
        "nixpkgs": "nixpkgs_5"
      },
      "locked": {
        "lastModified": 1764637932,
        "narHash": "sha256-2DOqs/zIDIS/Fdy36txfncwpetrXxXY6RcQ0v+09cIc=",
        "owner": "blindFS",
        "repo": "topiary-nushell",
        "rev": "71460ddb383a83286437ea951f946131ccca7e3f",
        "type": "github"
      },
      "original": {
        "owner": "blindFS",
        "repo": "topiary-nushell",
        "type": "github"
      }
    },
    "yazi-relative-motions": {
      "flake": false,
      "locked": {
        "lastModified": 1752096605,
        "narHash": "sha256-9i6x/VxGOA3bB3FPieB7mQ1zGaMK5wnMhYqsq4CvaM4=",
        "owner": "dedukun",
        "repo": "relative-motions.yazi",
        "rev": "a603d9ea924dfc0610bcf9d3129e7cba605d4501",
        "type": "github"
      },
      "original": {
        "owner": "dedukun",
        "repo": "relative-motions.yazi",
        "type": "github"
      }
    }
  },
  "root": "root",
  "version": 7
}
