{
  "nodes": {
    "brew-api": {
      "flake": false,
      "locked": {
        "lastModified": 1780465127,
        "narHash": "sha256-VX8Ydkq8nCplFJgy3fsprWhsU60viWR6b2039Ifr1Kk=",
        "owner": "BatteredBunny",
        "repo": "brew-api",
        "rev": "6c2de566f6d1ca6f2966a45da9680e1dda1997a2",
        "type": "github"
      },
      "original": {
        "owner": "BatteredBunny",
        "repo": "brew-api",
        "type": "github"
      }
    },
    "brew-nix": {
      "inputs": {
        "brew-api": [
          "brew-api"
        ],
        "nix-darwin": "nix-darwin",
        "nixpkgs": [
          "nixpkgs"
        ]
      },
      "locked": {
        "lastModified": 1780306103,
        "narHash": "sha256-si58gIStHng+T+AE430vrXzg0r4BJWtnxzwqAKYhEFw=",
        "owner": "BatteredBunny",
        "repo": "brew-nix",
        "rev": "d40695006e0313d131c668d926d92c0fcd737e2a",
        "type": "github"
      },
      "original": {
        "owner": "BatteredBunny",
        "repo": "brew-nix",
        "type": "github"
      }
    },
    "catppuccin": {
      "inputs": {
        "nixpkgs": [
          "nixpkgs"
        ]
      },
      "locked": {
        "lastModified": 1780394337,
        "narHash": "sha256-qsiTng/LjFuxN5SNKIKhUWqFFbpvdpnYqRj2F7inK3k=",
        "owner": "catppuccin",
        "repo": "nix",
        "rev": "9f015db982efc83ae1eb0074960e812ee386f3bb",
        "type": "github"
      },
      "original": {
        "owner": "catppuccin",
        "repo": "nix",
        "type": "github"
      }
    },
    "flake-utils": {
      "inputs": {
        "systems": "systems"
      },
      "locked": {
        "lastModified": 1731533236,
        "narHash": "sha256-l0KFg5HjrsfsO/JpG+r7fRrqm12kzFHyUHqHCVpMMbI=",
        "owner": "numtide",
        "repo": "flake-utils",
        "rev": "11707dc2f618dd54ca8739b309ec4fc024de578b",
        "type": "github"
      },
      "original": {
        "owner": "numtide",
        "repo": "flake-utils",
        "type": "github"
      }
    },
    "google-workspace-cli": {
      "inputs": {
        "flake-utils": "flake-utils",
        "nixpkgs": [
          "nixpkgs"
        ]
      },
      "locked": {
        "lastModified": 1774983075,
        "narHash": "sha256-YyNIHbyZrLlXYtWxZY8Um19MsnLharmS+nWGWO89fsA=",
        "owner": "googleworkspace",
        "repo": "cli",
        "rev": "a3768d0e82ad83cca2da97724e46bea4ff0e6dbd",
        "type": "github"
      },
      "original": {
        "owner": "googleworkspace",
        "repo": "cli",
        "type": "github"
      }
    },
    "home-manager": {
      "inputs": {
        "nixpkgs": [
          "nixpkgs"
        ]
      },
      "locked": {
        "lastModified": 1780408569,
        "narHash": "sha256-s7Tv6FUQThRAvW8En8XVC6HMb0uiikzVccCcCo9u/Bg=",
        "owner": "nix-community",
        "repo": "home-manager",
        "rev": "f384af1bec6423a0d4ba1855917ab948f64e5808",
        "type": "github"
      },
      "original": {
        "owner": "nix-community",
        "repo": "home-manager",
        "type": "github"
      }
    },
    "kanttiinit-cli": {
      "inputs": {
        "nixpkgs": [
          "nixpkgs"
        ]
      },
      "locked": {
        "lastModified": 1779594680,
        "narHash": "sha256-jNwuSco1mlTI/PmgOMaU+/qAv2fxePmBftgoXaiAH6I=",
        "owner": "otahontas",
        "repo": "kanttiinit-cli",
        "rev": "9837066e29a5903a199717606d687d74a6173ddb",
        "type": "github"
      },
      "original": {
        "owner": "otahontas",
        "repo": "kanttiinit-cli",
        "type": "github"
      }
    },
    "nix-darwin": {
      "inputs": {
        "nixpkgs": [
          "brew-nix",
          "nixpkgs"
        ]
      },
      "locked": {
        "lastModified": 1777780666,
        "narHash": "sha256-8wURyQMdDkGUarSTKOGdCuFfYiwa3HbzwscUfn3STDE=",
        "owner": "nix-darwin",
        "repo": "nix-darwin",
        "rev": "8c62fba0854ba15c8917aed18894dbccb48a3777",
        "type": "github"
      },
      "original": {
        "owner": "nix-darwin",
        "repo": "nix-darwin",
        "type": "github"
      }
    },
    "nixpkgs": {
      "locked": {
        "lastModified": 1780336545,
        "narHash": "sha256-vhVhuXzFrIOfcssC/9hDHx7MHzDKjF3keHuREOQqQiQ=",
        "owner": "NixOS",
        "repo": "nixpkgs",
        "rev": "4df1b885d76a54e1aa1a318f8d16fd6005b6401f",
        "type": "github"
      },
      "original": {
        "owner": "NixOS",
        "ref": "nixpkgs-unstable",
        "repo": "nixpkgs",
        "type": "github"
      }
    },
    "pi-catppuccin": {
      "inputs": {
        "nixpkgs": [
          "nixpkgs"
        ]
      },
      "locked": {
        "lastModified": 1774252203,
        "narHash": "sha256-LRiBOEl6WHKnG5DcufEfJ4G2/u4Boa7Hpy5VHjy79Qo=",
        "owner": "otahontas",
        "repo": "pi-coding-agent-catppuccin",
        "rev": "0a415dacee3e1ba2971d8576a9d49201ca401a30",
        "type": "github"
      },
      "original": {
        "owner": "otahontas",
        "repo": "pi-coding-agent-catppuccin",
        "type": "github"
      }
    },
    "pi-flakes": {
      "inputs": {
        "nixpkgs": [
          "nixpkgs"
        ]
      },
      "locked": {
        "lastModified": 1780397206,
        "narHash": "sha256-/y9C9BN/oncIBoHGzpIum256XPAdFW3zQJ9/CcXTgpY=",
        "owner": "otahontas",
        "repo": "flakes",
        "rev": "db30f650de6cee82c994864104df5bedb34ff3e6",
        "type": "github"
      },
      "original": {
        "owner": "otahontas",
        "repo": "flakes",
        "type": "github"
      }
    },
    "pi-nix": {
      "inputs": {
        "nixpkgs": [
          "nixpkgs"
        ],
        "systems": "systems_2"
      },
      "locked": {
        "lastModified": 1780390085,
        "narHash": "sha256-QxqhqenhltMfpvRBE3qJ+hic3wqGVNM7cCzHNV+thms=",
        "owner": "lukasl-dev",
        "repo": "pi.nix",
        "rev": "36f07522adfbe92d0ebe02cb0082e3989a2870c7",
        "type": "github"
      },
      "original": {
        "owner": "lukasl-dev",
        "repo": "pi.nix",
        "type": "github"
      }
    },
    "root": {
      "inputs": {
        "brew-api": "brew-api",
        "brew-nix": "brew-nix",
        "catppuccin": "catppuccin",
        "google-workspace-cli": "google-workspace-cli",
        "home-manager": "home-manager",
        "kanttiinit-cli": "kanttiinit-cli",
        "nixpkgs": "nixpkgs",
        "pi-catppuccin": "pi-catppuccin",
        "pi-flakes": "pi-flakes",
        "pi-nix": "pi-nix"
      }
    },
    "systems": {
      "locked": {
        "lastModified": 1681028828,
        "narHash": "sha256-Vy1rq5AaRuLzOxct8nz4T6wlgyUR7zLU309k9mBC768=",
        "owner": "nix-systems",
        "repo": "default",
        "rev": "da67096a3b9bf56a91d16901293e51ba5b49a27e",
        "type": "github"
      },
      "original": {
        "owner": "nix-systems",
        "repo": "default",
        "type": "github"
      }
    },
    "systems_2": {
      "locked": {
        "lastModified": 1681028828,
        "narHash": "sha256-Vy1rq5AaRuLzOxct8nz4T6wlgyUR7zLU309k9mBC768=",
        "owner": "nix-systems",
        "repo": "default",
        "rev": "da67096a3b9bf56a91d16901293e51ba5b49a27e",
        "type": "github"
      },
      "original": {
        "owner": "nix-systems",
        "repo": "default",
        "type": "github"
      }
    }
  },
  "root": "root",
  "version": 7
}
