{
  "nodes": {
    "catppuccin": {
      "inputs": {
        "nixpkgs": [
          "nixpkgs"
        ]
      },
      "locked": {
        "lastModified": 1771587924,
        "narHash": "sha256-eVYOGmF8nQBhudJyU6lHdgJI87kvGz8JyCq5/Vi9Mjk=",
        "owner": "catppuccin",
        "repo": "nix",
        "rev": "b0c65edbf31c2ad3d84438d82c2310f2c28373f3",
        "type": "github"
      },
      "original": {
        "owner": "catppuccin",
        "repo": "nix",
        "type": "github"
      }
    },
    "home-manager": {
      "inputs": {
        "nixpkgs": [
          "nixpkgs"
        ]
      },
      "locked": {
        "lastModified": 1771851181,
        "narHash": "sha256-gFgE6mGUftwseV3DUENMb0k0EiHd739lZexPo5O/sdQ=",
        "owner": "nix-community",
        "repo": "home-manager",
        "rev": "9a4b494b1aa1b93d8edf167f46dc8e0c0011280c",
        "type": "github"
      },
      "original": {
        "owner": "nix-community",
        "repo": "home-manager",
        "type": "github"
      }
    },
    "kanttiinit-cli": {
      "inputs": {
        "nixpkgs": [
          "nixpkgs"
        ]
      },
      "locked": {
        "lastModified": 1771576960,
        "narHash": "sha256-BD/mMo8zOxzIbyu+0zw4cGP4j7Mb+SdMQucvdJDntAo=",
        "owner": "otahontas",
        "repo": "kanttiinit-cli",
        "rev": "b13f6726d279268c64a47d588b59c6090e84214f",
        "type": "github"
      },
      "original": {
        "owner": "otahontas",
        "repo": "kanttiinit-cli",
        "type": "github"
      }
    },
    "nixpkgs": {
      "locked": {
        "lastModified": 1771923393,
        "narHash": "sha256-Fy0+UXELv9hOE8WjYhJt8fMDLYTU2Dqn3cX4BwoGBos=",
        "owner": "NixOS",
        "repo": "nixpkgs",
        "rev": "ea7f1f06811ce7fcc81d6c6fd4213150c23edcf2",
        "type": "github"
      },
      "original": {
        "owner": "NixOS",
        "ref": "nixpkgs-unstable",
        "repo": "nixpkgs",
        "type": "github"
      }
    },
    "pi-catppuccin": {
      "inputs": {
        "nixpkgs": [
          "nixpkgs"
        ]
      },
      "locked": {
        "lastModified": 1769762077,
        "narHash": "sha256-kaR0ehOXU5oXwjNC6yDhzST6VEyyOLr9C2FJFwovu38=",
        "owner": "otahontas",
        "repo": "pi-coding-agent-catppuccin",
        "rev": "33a7d1ba1aef275ad3a2c3023d210b5e2eec74b6",
        "type": "github"
      },
      "original": {
        "owner": "otahontas",
        "repo": "pi-coding-agent-catppuccin",
        "type": "github"
      }
    },
    "root": {
      "inputs": {
        "catppuccin": "catppuccin",
        "home-manager": "home-manager",
        "kanttiinit-cli": "kanttiinit-cli",
        "nixpkgs": "nixpkgs",
        "pi-catppuccin": "pi-catppuccin"
      }
    }
  },
  "root": "root",
  "version": 7
}
