{
  "nodes": {
    "brew-src": {
      "flake": false,
      "locked": {
        "lastModified": 1763638478,
        "narHash": "sha256-n/IMowE9S23ovmTkKX7KhxXC2Yq41EAVFR2FBIXPcT8=",
        "owner": "Homebrew",
        "repo": "brew",
        "rev": "fbfdbaba008189499958a7aeb1e2c36ab10c067d",
        "type": "github"
      },
      "original": {
        "owner": "Homebrew",
        "ref": "5.0.3",
        "repo": "brew",
        "type": "github"
      }
    },
    "homebrew-cask": {
      "flake": false,
      "locked": {
        "lastModified": 1769161620,
        "narHash": "sha256-dQx+Rth4Y3RHDzLmFSzz9UI9i1EcW0ztFyZL2sFoJxk=",
        "owner": "homebrew",
        "repo": "homebrew-cask",
        "rev": "1bef254d9fba6f8412449f25f84008418da75556",
        "type": "github"
      },
      "original": {
        "owner": "homebrew",
        "repo": "homebrew-cask",
        "type": "github"
      }
    },
    "homebrew-core": {
      "flake": false,
      "locked": {
        "lastModified": 1769158844,
        "narHash": "sha256-KPVXE05PK9CgoT6F83RP6i1aoVCTsp6MX9MmTsk2LhM=",
        "owner": "homebrew",
        "repo": "homebrew-core",
        "rev": "bf57350fcbaae710e418c1623025947ea3f7d85f",
        "type": "github"
      },
      "original": {
        "owner": "homebrew",
        "repo": "homebrew-core",
        "type": "github"
      }
    },
    "nix-darwin": {
      "inputs": {
        "nixpkgs": [
          "nixpkgs"
        ]
      },
      "locked": {
        "lastModified": 1768764703,
        "narHash": "sha256-5ulSDyOG1U+1sJhkJHYsUOWEsmtLl97O0NTVMvgIVyc=",
        "owner": "nix-darwin",
        "repo": "nix-darwin",
        "rev": "0fc4e7ac670a0ed874abacf73c4b072a6a58064b",
        "type": "github"
      },
      "original": {
        "owner": "nix-darwin",
        "ref": "master",
        "repo": "nix-darwin",
        "type": "github"
      }
    },
    "nix-homebrew": {
      "inputs": {
        "brew-src": "brew-src"
      },
      "locked": {
        "lastModified": 1764473698,
        "narHash": "sha256-C91gPgv6udN5WuIZWNehp8qdLqlrzX6iF/YyboOj6XI=",
        "owner": "zhaofengli",
        "repo": "nix-homebrew",
        "rev": "6a8ab60bfd66154feeaa1021fc3b32684814a62a",
        "type": "github"
      },
      "original": {
        "owner": "zhaofengli",
        "repo": "nix-homebrew",
        "type": "github"
      }
    },
    "nixpkgs": {
      "locked": {
        "lastModified": 1768875095,
        "narHash": "sha256-dYP3DjiL7oIiiq3H65tGIXXIT1Waiadmv93JS0sS+8A=",
        "owner": "NixOS",
        "repo": "nixpkgs",
        "rev": "ed142ab1b3a092c4d149245d0c4126a5d7ea00b0",
        "type": "github"
      },
      "original": {
        "owner": "NixOS",
        "ref": "nixpkgs-unstable",
        "repo": "nixpkgs",
        "type": "github"
      }
    },
    "root": {
      "inputs": {
        "homebrew-cask": "homebrew-cask",
        "homebrew-core": "homebrew-core",
        "nix-darwin": "nix-darwin",
        "nix-homebrew": "nix-homebrew",
        "nixpkgs": "nixpkgs",
        "tonisives-tap": "tonisives-tap"
      }
    },
    "tonisives-tap": {
      "flake": false,
      "locked": {
        "lastModified": 1769139552,
        "narHash": "sha256-3SKpJHmqqqwqzv5y3zzTCPB1znFZdmRkplLsX9fVNeU=",
        "owner": "tonisives",
        "repo": "homebrew-tap",
        "rev": "30a0e41b7c963de281595d7f6a51e3f80357c7d6",
        "type": "github"
      },
      "original": {
        "owner": "tonisives",
        "repo": "homebrew-tap",
        "type": "github"
      }
    }
  },
  "root": "root",
  "version": 7
}
